version = 1
requires-python = ">=3.12"

[[package]]
name = "defusedxml"
version = "0.7.1"
source = { registry = "https://pypi.org/simple" }
sdist = { url = "https://files.pythonhosted.org/packages/0f/d5/c66da9b79e5bdb124974bfe172b4daf3c984ebd9c2a06e2b8a4dc7331c72/defusedxml-0.7.1.tar.gz", hash = "sha256:1bb3032db185915b62d7c6209c5a8792be6a32ab2fedacc84e01b52c51aa3e69", size = 75520 }
wheels = [
    { url = "https://files.pythonhosted.org/packages/07/6c/aa3f2f849e01cb6a001cd8554a88d4c77c5c1a31c95bdf1cf9301e6d9ef4/defusedxml-0.7.1-py2.py3-none-any.whl", hash = "sha256:a352e7e428770286cc899e2542b6cdaedb2b4953ff269a210103ec58f6198a61", size = 25604 },
]

[[package]]
name = "pdf-redactor"
version = "0.0.1"
source = { registry = "https://pypi.org/simple" }
dependencies = [
    { name = "defusedxml" },
    { name = "pdfrw" },
]
sdist = { url = "https://files.pythonhosted.org/packages/3a/b3/514606f8a86a36e9f821faabd1c97904e189bb50b72384ab23baec1bad46/pdf-redactor-0.0.1.tar.gz", hash = "sha256:011749f08ec799ca2d8af130aeca6b07ac8ad32e65772158a922c3415c6101ac", size = 13366 }
wheels = [
    { url = "https://files.pythonhosted.org/packages/dd/4a/193342e44768eb8768bc63044b74e8025fffe0b0c3e49f989bd5c0fee55b/pdf_redactor-0.0.1-py3-none-any.whl", hash = "sha256:1dfe0d26cc50d5e0d14bc8e78ba592141fe5b93eb2bd173132c838bf85b3d451", size = 13793 },
]

[[package]]
name = "pdfrw"
version = "0.4"
source = { registry = "https://pypi.org/simple" }
sdist = { url = "https://files.pythonhosted.org/packages/61/96/cbde98b96115d10694010e584d00d39f7b97905e1c8303e6ffbb84080e6a/pdfrw-0.4.tar.gz", hash = "sha256:0dc0494a0e6561b268542b28ede2280387c2728114f117d3bb5d8e4787b93ef4", size = 95402 }
wheels = [
    { url = "https://files.pythonhosted.org/packages/c0/84/af442c4458756bb0c0d2424102d1200616f3ff9b82c48aaa130e08549bf6/pdfrw-0.4-py2.py3-none-any.whl", hash = "sha256:758289edaa3b672e9a1a67504be73c18ec668d4e5b9d5ac9cbc0dc753d8d196b", size = 69460 },
]

[[package]]
name = "pymupdf"
version = "1.24.14"
source = { registry = "https://pypi.org/simple" }
sdist = { url = "https://files.pythonhosted.org/packages/e0/6b/6bd735144a190d26dcc23f98b4aae0e09b259cc4c87bba266a39b7b91f56/PyMuPDF-1.24.14.tar.gz", hash = "sha256:0eed9f998525eaf39706dbf2d0cf3162150f0f526e4a36b1748ffa50bde581ae", size = 56242747 }
wheels = [
    { url = "https://files.pythonhosted.org/packages/62/ce/972b080c526af80577ffaa49676c05361ba152de94de3af339a2f3ac07c2/PyMuPDF-1.24.14-cp39-abi3-macosx_10_9_x86_64.whl", hash = "sha256:b3ad7a4f4b607ff97f2e1b8111823dd3797dbb381ec851c3ae4695fea6f68478", size = 19167365 },
    { url = "https://files.pythonhosted.org/packages/2c/11/8d6f4c8fca86b93759e430c4b0b7b66f8067d58893d6fe0a193420d14453/PyMuPDF-1.24.14-cp39-abi3-macosx_11_0_arm64.whl", hash = "sha256:755906af4b4d693552ae5469ba682075853f4dc8a70639affd1bd6c049c5d900", size = 18417324 },
    { url = "https://files.pythonhosted.org/packages/51/69/518e6c088e20a5ded1fc658d4aec1e54c0f98f2d62d91362bd4231df9ecf/PyMuPDF-1.24.14-cp39-abi3-manylinux2014_aarch64.manylinux_2_17_aarch64.whl", hash = "sha256:37f24108e2e18150fb8d512dcccdfa1e3d9b9dd203ffaa7ffb959bb20aea40b4", size = 19303826 },
    { url = "https://files.pythonhosted.org/packages/27/bf/203d06c68660d5535db65b6c54cacd35b950945c11c1c4546d674f270892/PyMuPDF-1.24.14-cp39-abi3-manylinux2014_x86_64.manylinux_2_17_x86_64.whl", hash = "sha256:0de4f5ed903c2be6d0abcccdc796368939b51ce03916eb53292916e3b6ea65d6", size = 19833056 },
    { url = "https://files.pythonhosted.org/packages/77/ed/40eb23cf5e91de0510dfedb7d9feedeab5ce9691544ad09599e124a0a333/PyMuPDF-1.24.14-cp39-abi3-musllinux_1_2_x86_64.whl", hash = "sha256:2d1b5c47df2f8055de5dedfbd3189c742188261a8c257f406378382adac94cff", size = 20963535 },
    { url = "https://files.pythonhosted.org/packages/87/2b/46af7461bd299c3f52bc5455332cc82608cea1667cd692652505fdf9308e/PyMuPDF-1.24.14-cp39-abi3-win32.whl", hash = "sha256:60a7ee7db3e0d3a4dcbe6df2781ba4487acb7e515c64ea9c857504f44effcb25", size = 14965671 },
    { url = "https://files.pythonhosted.org/packages/25/b2/82d70d9f5aea5a33e770f37e6db43ed08b5dc71b3526c5d7051689d1031e/PyMuPDF-1.24.14-cp39-abi3-win_amd64.whl", hash = "sha256:3d1f1ec2fe0249484afde7a0fc02589f19aaeb47c42939d23ae1d012aa1bc59b", size = 16257645 },
]

[[package]]
name = "python-dotenv"
version = "1.0.1"
source = { registry = "https://pypi.org/simple" }
sdist = { url = "https://files.pythonhosted.org/packages/bc/57/e84d88dfe0aec03b7a2d4327012c1627ab5f03652216c63d49846d7a6c58/python-dotenv-1.0.1.tar.gz", hash = "sha256:e324ee90a023d808f1959c46bcbc04446a10ced277783dc6ee09987c37ec10ca", size = 39115 }
wheels = [
    { url = "https://files.pythonhosted.org/packages/6a/3e/b68c118422ec867fa7ab88444e1274aa40681c606d59ac27de5a5588f082/python_dotenv-1.0.1-py3-none-any.whl", hash = "sha256:f7b63ef50f1b690dddf550d03497b66d609393b40b564ed0d674909a68ebf16a", size = 19863 },
]

[[package]]
name = "redact-pdf"
version = "0.1.0"
source = { virtual = "." }
dependencies = [
    { name = "pdf-redactor" },
    { name = "pymupdf" },
    { name = "python-dotenv" },
]

[package.metadata]
requires-dist = [
    { name = "pdf-redactor", specifier = ">=0.0.1" },
    { name = "pymupdf", specifier = ">=1.24.14" },
    { name = "python-dotenv", specifier = ">=1.0.1" },
]
